PODS:
  - ActionKit (2.5.3)
  - FlaneurImagePicker (0.8.0-beta):
    - ActionKit
    - IGListKit
    - Kingfisher
  - IGListDiffKit (4.0.0)
  - IGListKit (4.0.0):
    - IGListDiffKit (= 4.0.0)
  - Kingfisher (6.3.1)
  - Nimble (10.0.0)
  - Quick (5.0.1)

DEPENDENCIES:
  - FlaneurImagePicker (from `../`)
  - Nimble
  - Quick

SPEC REPOS:
  trunk:
    - ActionKit
    - IGListDiffKit
    - IGListKit
    - Kingfisher
    - Nimble
    - Quick

EXTERNAL SOURCES:
  FlaneurImagePicker:
    :path: "../"

SPEC CHECKSUMS:
  ActionKit: c1b6427fd36a0fe2223555679bcc5dea437af5b3
  FlaneurImagePicker: 1b567d6dbb18ea372ce02e35782e91a52bb99274
  IGListDiffKit: 665d6cf43ce726e676013db9c7d6c4294259b6b2
  IGListKit: fd5a5d21935298f5849fa49d426843cff97b77c7
  Kingfisher: 016c8b653a35add51dd34a3aba36b580041acc74
  Nimble: 5316ef81a170ce87baf72dd961f22f89a602ff84
  Quick: 749aa754fd1e7d984f2000fe051e18a3a9809179

PODFILE CHECKSUM: 96d74dde6ca7b03d32c933d0a6426bae62218c4d

COCOAPODS: 1.12.1
